
Microsoft Visual Studio Solution File, Format Version 12.00
# Visual Studio Version 17
VisualStudioVersion = 17.11.35222.181
MinimumVisualStudioVersion = 10.0.40219.1
Project("{8BC9CEB8-8B4A-11D0-8D11-00A0C91BC942}") = "qg_homework_1", "qg_homework_1\qg_homework_1.vcxproj", "{54375443-B1EF-462A-A660-C2D5349BE96A}"
EndProject
Global
	GlobalSection(SolutionConfigurationPlatforms) = preSolution
		Debug|x64 = Debug|x64
		Debug|x86 = Debug|x86
		Release|x64 = Release|x64
		Release|x86 = Release|x86
	EndGlobalSection
	GlobalSection(ProjectConfigurationPlatforms) = postSolution
		{54375443-B1EF-462A-A660-C2D5349BE96A}.Debug|x64.ActiveCfg = Debug|x64
		{54375443-B1EF-462A-A660-C2D5349BE96A}.Debug|x64.Build.0 = Debug|x64
		{54375443-B1EF-462A-A660-C2D5349BE96A}.Debug|x86.ActiveCfg = Debug|Win32
		{54375443-B1EF-462A-A660-C2D5349BE96A}.Debug|x86.Build.0 = Debug|Win32
		{54375443-B1EF-462A-A660-C2D5349BE96A}.Release|x64.ActiveCfg = Release|x64
		{54375443-B1EF-462A-A660-C2D5349BE96A}.Release|x64.Build.0 = Release|x64
		{54375443-B1EF-462A-A660-C2D5349BE96A}.Release|x86.ActiveCfg = Release|Win32
		{54375443-B1EF-462A-A660-C2D5349BE96A}.Release|x86.Build.0 = Release|Win32
	EndGlobalSection
	GlobalSection(SolutionProperties) = preSolution
		HideSolutionNode = FALSE
	EndGlobalSection
	GlobalSection(ExtensibilityGlobals) = postSolution
		SolutionGuid = {241225DD-5537-4774-927F-EB3917536A1A}
	EndGlobalSection
EndGlobal
